<?xml version="1.0" encoding="utf-8"?>
<Project ToolsVersion="4.0" xmlns="http://schemas.microsoft.com/developer/msbuild/2003">
  <ItemGroup>
    <Filter Include="Source Files">
      <UniqueIdentifier>{4FC737F1-C7A5-4376-A066-2A32D752A2FF}</UniqueIdentifier>
      <Extensions>cpp;c;cc;cxx;def;odl;idl;hpj;bat;asm;asmx</Extensions>
    </Filter>
    <Filter Include="Header Files">
      <UniqueIdentifier>{93995380-89BD-4b04-88EB-625FBE52EBFB}</UniqueIdentifier>
      <Extensions>h;hpp;hxx;hm;inl;inc;xsd</Extensions>
    </Filter>
    <Filter Include="Resource Files">
      <UniqueIdentifier>{67DA6AB6-F800-4c08-8B7A-83BB121AAD01}</UniqueIdentifier>
      <Extensions>rc;ico;cur;bmp;dlg;rc2;rct;bin;rgs;gif;jpg;jpeg;jpe;resx;tiff;tif;png;wav;mfcribbon-ms</Extensions>
    </Filter>
    <Filter Include="Header Files\objects">
      <UniqueIdentifier>{0bcc5901-ee9d-4378-909c-38efefcdd6cd}</UniqueIdentifier>
    </Filter>
    <Filter Include="Source Files\objects">
      <UniqueIdentifier>{d82d44a5-0379-4cb5-82ee-9927fa130e06}</UniqueIdentifier>
    </Filter>
    <Filter Include="Header Files\objects\joints">
      <UniqueIdentifier>{1d754d30-bc8f-4a53-9004-e9cd4d06d6ba}</UniqueIdentifier>
    </Filter>
    <Filter Include="Header Files\objects\shapes">
      <UniqueIdentifier>{e876e0d1-4dcd-4e69-8db0-33523884557c}</UniqueIdentifier>
    </Filter>
    <Filter Include="Source Files\objects\joints">
      <UniqueIdentifier>{fc527d78-ee03-4d25-a4c3-1c15bb37a7b4}</UniqueIdentifier>
    </Filter>
    <Filter Include="Source Files\objects\shapes">
      <UniqueIdentifier>{e7eb748c-8a31-43cb-b477-d46e655827b1}</UniqueIdentifier>
    </Filter>
    <Filter Include="Header Files\objects\joints\defs">
      <UniqueIdentifier>{d33eb891-eeac-4cc9-a0b1-75c3b5c603ce}</UniqueIdentifier>
    </Filter>
    <Filter Include="Source Files\objects\joints\defs">
      <UniqueIdentifier>{53d08f65-6c6b-4df7-9fe5-5bc959ea9c12}</UniqueIdentifier>
    </Filter>
  </ItemGroup>
  <ItemGroup>
    <ClCompile Include="src\main.cpp">
      <Filter>Source Files</Filter>
    </ClCompile>
    <ClCompile Include="src\objects\Vec2.cpp">
      <Filter>Source Files\objects</Filter>
    </ClCompile>
    <ClCompile Include="src\objects\Transform.cpp">
      <Filter>Source Files\objects</Filter>
    </ClCompile>
    <ClCompile Include="src\objects\Rot.cpp">
      <Filter>Source Files\objects</Filter>
    </ClCompile>
    <ClCompile Include="src\objects\Sweep.cpp">
      <Filter>Source Files\objects</Filter>
    </ClCompile>
    <ClCompile Include="src\objects\Timer.cpp">
      <Filter>Source Files\objects</Filter>
    </ClCompile>
    <ClCompile Include="src\objects\World.cpp">
      <Filter>Source Files\objects</Filter>
    </ClCompile>
    <ClCompile Include="src\objects\Body.cpp">
      <Filter>Source Files\objects</Filter>
    </ClCompile>
    <ClCompile Include="src\objects\BodyDef.cpp">
      <Filter>Source Files\objects</Filter>
    </ClCompile>
    <ClCompile Include="src\objects\Fixture.cpp">
      <Filter>Source Files\objects</Filter>
    </ClCompile>
    <ClCompile Include="src\objects\FixtureDef.cpp">
      <Filter>Source Files\objects</Filter>
    </ClCompile>
    <ClCompile Include="src\objects\Filter.cpp">
      <Filter>Source Files\objects</Filter>
    </ClCompile>
    <ClCompile Include="src\objects\RayCastInput.cpp">
      <Filter>Source Files\objects</Filter>
    </ClCompile>
    <ClCompile Include="src\objects\RayCastOutput.cpp">
      <Filter>Source Files\objects</Filter>
    </ClCompile>
    <ClCompile Include="src\objects\AABB.cpp">
      <Filter>Source Files\objects</Filter>
    </ClCompile>
    <ClCompile Include="src\objects\MassData.cpp">
      <Filter>Source Files\objects</Filter>
    </ClCompile>
    <ClCompile Include="src\objects\VertexArray.cpp">
      <Filter>Source Files\objects</Filter>
    </ClCompile>
    <ClCompile Include="src\objects\Shape.cpp">
      <Filter>Source Files\objects\shapes</Filter>
    </ClCompile>
    <ClCompile Include="src\objects\CircleShape.cpp">
      <Filter>Source Files\objects\shapes</Filter>
    </ClCompile>
    <ClCompile Include="src\objects\EdgeShape.cpp">
      <Filter>Source Files\objects\shapes</Filter>
    </ClCompile>
    <ClCompile Include="src\objects\ChainShape.cpp">
      <Filter>Source Files\objects\shapes</Filter>
    </ClCompile>
    <ClCompile Include="src\objects\PolygonShape.cpp">
      <Filter>Source Files\objects\shapes</Filter>
    </ClCompile>
    <ClCompile Include="src\objects\Joint.cpp">
      <Filter>Source Files\objects\joints</Filter>
    </ClCompile>
    <ClCompile Include="src\objects\PrismaticJoint.cpp">
      <Filter>Source Files\objects\joints</Filter>
    </ClCompile>
    <ClCompile Include="src\objects\RevoluteJoint.cpp">
      <Filter>Source Files\objects\joints</Filter>
    </ClCompile>
    <ClCompile Include="src\objects\DistanceJoint.cpp">
      <Filter>Source Files\objects\joints</Filter>
    </ClCompile>
    <ClCompile Include="src\objects\FrictionJoint.cpp">
      <Filter>Source Files\objects\joints</Filter>
    </ClCompile>
    <ClCompile Include="src\objects\GearJoint.cpp">
      <Filter>Source Files\objects\joints</Filter>
    </ClCompile>
    <ClCompile Include="src\objects\MotorJoint.cpp">
      <Filter>Source Files\objects\joints</Filter>
    </ClCompile>
    <ClCompile Include="src\objects\MouseJoint.cpp">
      <Filter>Source Files\objects\joints</Filter>
    </ClCompile>
    <ClCompile Include="src\objects\PulleyJoint.cpp">
      <Filter>Source Files\objects\joints</Filter>
    </ClCompile>
    <ClCompile Include="src\objects\RopeJoint.cpp">
      <Filter>Source Files\objects\joints</Filter>
    </ClCompile>
    <ClCompile Include="src\objects\WeldJoint.cpp">
      <Filter>Source Files\objects\joints</Filter>
    </ClCompile>
    <ClCompile Include="src\objects\WheelJoint.cpp">
      <Filter>Source Files\objects\joints</Filter>
    </ClCompile>
    <ClCompile Include="src\objects\DistanceJointDef.cpp">
      <Filter>Source Files\objects\joints\defs</Filter>
    </ClCompile>
    <ClCompile Include="src\objects\FrictionJointDef.cpp">
      <Filter>Source Files\objects\joints\defs</Filter>
    </ClCompile>
    <ClCompile Include="src\objects\GearJointDef.cpp">
      <Filter>Source Files\objects\joints\defs</Filter>
    </ClCompile>
    <ClCompile Include="src\objects\JointDef.cpp">
      <Filter>Source Files\objects\joints\defs</Filter>
    </ClCompile>
    <ClCompile Include="src\objects\MotorJointDef.cpp">
      <Filter>Source Files\objects\joints\defs</Filter>
    </ClCompile>
    <ClCompile Include="src\objects\MouseJointDef.cpp">
      <Filter>Source Files\objects\joints\defs</Filter>
    </ClCompile>
    <ClCompile Include="src\objects\PrismaticJointDef.cpp">
      <Filter>Source Files\objects\joints\defs</Filter>
    </ClCompile>
    <ClCompile Include="src\objects\PulleyJointDef.cpp">
      <Filter>Source Files\objects\joints\defs</Filter>
    </ClCompile>
    <ClCompile Include="src\objects\RevoluteJointDef.cpp">
      <Filter>Source Files\objects\joints\defs</Filter>
    </ClCompile>
    <ClCompile Include="src\objects\RopeJointDef.cpp">
      <Filter>Source Files\objects\joints\defs</Filter>
    </ClCompile>
    <ClCompile Include="src\objects\WeldJointDef.cpp">
      <Filter>Source Files\objects\joints\defs</Filter>
    </ClCompile>
    <ClCompile Include="src\objects\WheelJointDef.cpp">
      <Filter>Source Files\objects\joints\defs</Filter>
    </ClCompile>
    <ClCompile Include="src\objects\Contact.cpp">
      <Filter>Source Files\objects</Filter>
    </ClCompile>
    <ClCompile Include="src\objects\Manifold.cpp">
      <Filter>Source Files\objects</Filter>
    </ClCompile>
    <ClCompile Include="src\objects\ManifoldPoint.cpp">
      <Filter>Source Files\objects</Filter>
    </ClCompile>
    <ClCompile Include="src\objects\ContactID.cpp">
      <Filter>Source Files\objects</Filter>
    </ClCompile>
    <ClCompile Include="src\objects\ContactFeature.cpp">
      <Filter>Source Files\objects</Filter>
    </ClCompile>
    <ClCompile Include="src\objects\WorldManifold.cpp">
      <Filter>Source Files\objects</Filter>
    </ClCompile>
    <ClCompile Include="src\objects\ContactListener.cpp">
      <Filter>Source Files\objects</Filter>
    </ClCompile>
    <ClCompile Include="src\objects\ContactImpulse.cpp">
      <Filter>Source Files\objects</Filter>
    </ClCompile>
    <ClCompile Include="src\objects\ContactManager.cpp">
      <Filter>Source Files\objects</Filter>
    </ClCompile>
    <ClCompile Include="src\objects\ContactFilter.cpp">
      <Filter>Source Files\objects</Filter>
    </ClCompile>
  </ItemGroup>
  <ItemGroup>
    <ClInclude Include="src\common.hpp">
      <Filter>Header Files</Filter>
    </ClInclude>
    <ClInclude Include="src\objects\Vec2.hpp">
      <Filter>Header Files\objects</Filter>
    </ClInclude>
    <ClInclude Include="src\objects\Transform.hpp">
      <Filter>Header Files\objects</Filter>
    </ClInclude>
    <ClInclude Include="src\objects\Rot.hpp">
      <Filter>Header Files\objects</Filter>
    </ClInclude>
    <ClInclude Include="src\objects\Sweep.hpp">
      <Filter>Header Files\objects</Filter>
    </ClInclude>
    <ClInclude Include="src\objects\Timer.hpp">
      <Filter>Header Files\objects</Filter>
    </ClInclude>
    <ClInclude Include="src\objects\World.hpp">
      <Filter>Header Files\objects</Filter>
    </ClInclude>
    <ClInclude Include="src\objects\Body.hpp">
      <Filter>Header Files\objects</Filter>
    </ClInclude>
    <ClInclude Include="src\objects\BodyDef.hpp">
      <Filter>Header Files\objects</Filter>
    </ClInclude>
    <ClInclude Include="src\objects\FixtureDef.hpp">
      <Filter>Header Files\objects</Filter>
    </ClInclude>
    <ClInclude Include="src\objects\Fixture.hpp">
      <Filter>Header Files\objects</Filter>
    </ClInclude>
    <ClInclude Include="src\objects\Filter.hpp">
      <Filter>Header Files\objects</Filter>
    </ClInclude>
    <ClInclude Include="src\objects\RayCastInput.hpp">
      <Filter>Header Files\objects</Filter>
    </ClInclude>
    <ClInclude Include="src\objects\RayCastOutput.hpp">
      <Filter>Header Files\objects</Filter>
    </ClInclude>
    <ClInclude Include="src\objects\AABB.hpp">
      <Filter>Header Files\objects</Filter>
    </ClInclude>
    <ClInclude Include="src\objects\MassData.hpp">
      <Filter>Header Files\objects</Filter>
    </ClInclude>
    <ClInclude Include="src\objects\VertexArray.hpp">
      <Filter>Header Files\objects</Filter>
    </ClInclude>
    <ClInclude Include="src\objects\ChainShape.hpp">
      <Filter>Header Files\objects\shapes</Filter>
    </ClInclude>
    <ClInclude Include="src\objects\CircleShape.hpp">
      <Filter>Header Files\objects\shapes</Filter>
    </ClInclude>
    <ClInclude Include="src\objects\EdgeShape.hpp">
      <Filter>Header Files\objects\shapes</Filter>
    </ClInclude>
    <ClInclude Include="src\objects\Shape.hpp">
      <Filter>Header Files\objects\shapes</Filter>
    </ClInclude>
    <ClInclude Include="src\objects\PolygonShape.hpp">
      <Filter>Header Files\objects\shapes</Filter>
    </ClInclude>
    <ClInclude Include="src\objects\PrismaticJoint.hpp">
      <Filter>Header Files\objects\joints</Filter>
    </ClInclude>
    <ClInclude Include="src\objects\RevoluteJoint.hpp">
      <Filter>Header Files\objects\joints</Filter>
    </ClInclude>
    <ClInclude Include="src\objects\Joint.hpp">
      <Filter>Header Files\objects\joints</Filter>
    </ClInclude>
    <ClInclude Include="src\objects\DistanceJoint.hpp">
      <Filter>Header Files\objects\joints</Filter>
    </ClInclude>
    <ClInclude Include="src\objects\FrictionJoint.hpp">
      <Filter>Header Files\objects\joints</Filter>
    </ClInclude>
    <ClInclude Include="src\objects\GearJoint.hpp">
      <Filter>Header Files\objects\joints</Filter>
    </ClInclude>
    <ClInclude Include="src\objects\MotorJoint.hpp">
      <Filter>Header Files\objects\joints</Filter>
    </ClInclude>
    <ClInclude Include="src\objects\MouseJoint.hpp">
      <Filter>Header Files\objects\joints</Filter>
    </ClInclude>
    <ClInclude Include="src\objects\PulleyJoint.hpp">
      <Filter>Header Files\objects\joints</Filter>
    </ClInclude>
    <ClInclude Include="src\objects\RopeJoint.hpp">
      <Filter>Header Files\objects\joints</Filter>
    </ClInclude>
    <ClInclude Include="src\objects\WeldJoint.hpp">
      <Filter>Header Files\objects\joints</Filter>
    </ClInclude>
    <ClInclude Include="src\objects\WheelJoint.hpp">
      <Filter>Header Files\objects\joints</Filter>
    </ClInclude>
    <ClInclude Include="src\objects\DistanceJointDef.hpp">
      <Filter>Header Files\objects\joints\defs</Filter>
    </ClInclude>
    <ClInclude Include="src\objects\FrictionJointDef.hpp">
      <Filter>Header Files\objects\joints\defs</Filter>
    </ClInclude>
    <ClInclude Include="src\objects\GearJointDef.hpp">
      <Filter>Header Files\objects\joints\defs</Filter>
    </ClInclude>
    <ClInclude Include="src\objects\JointDef.hpp">
      <Filter>Header Files\objects\joints\defs</Filter>
    </ClInclude>
    <ClInclude Include="src\objects\MotorJointDef.hpp">
      <Filter>Header Files\objects\joints\defs</Filter>
    </ClInclude>
    <ClInclude Include="src\objects\MouseJointDef.hpp">
      <Filter>Header Files\objects\joints\defs</Filter>
    </ClInclude>
    <ClInclude Include="src\objects\PrismaticJointDef.hpp">
      <Filter>Header Files\objects\joints\defs</Filter>
    </ClInclude>
    <ClInclude Include="src\objects\PulleyJointDef.hpp">
      <Filter>Header Files\objects\joints\defs</Filter>
    </ClInclude>
    <ClInclude Include="src\objects\RevoluteJointDef.hpp">
      <Filter>Header Files\objects\joints\defs</Filter>
    </ClInclude>
    <ClInclude Include="src\objects\RopeJointDef.hpp">
      <Filter>Header Files\objects\joints\defs</Filter>
    </ClInclude>
    <ClInclude Include="src\objects\WeldJointDef.hpp">
      <Filter>Header Files\objects\joints\defs</Filter>
    </ClInclude>
    <ClInclude Include="src\objects\WheelJointDef.hpp">
      <Filter>Header Files\objects\joints\defs</Filter>
    </ClInclude>
    <ClInclude Include="src\objects\Contact.hpp">
      <Filter>Header Files\objects</Filter>
    </ClInclude>
    <ClInclude Include="src\objects\Manifold.hpp">
      <Filter>Header Files\objects</Filter>
    </ClInclude>
    <ClInclude Include="src\objects\ManifoldPoint.hpp">
      <Filter>Header Files\objects</Filter>
    </ClInclude>
    <ClInclude Include="src\objects\ContactID.hpp">
      <Filter>Header Files\objects</Filter>
    </ClInclude>
    <ClInclude Include="src\objects\ContactFeature.hpp">
      <Filter>Header Files\objects</Filter>
    </ClInclude>
    <ClInclude Include="src\objects\WorldManifold.hpp">
      <Filter>Header Files\objects</Filter>
    </ClInclude>
    <ClInclude Include="src\objects\ContactListener.hpp">
      <Filter>Header Files\objects</Filter>
    </ClInclude>
    <ClInclude Include="src\objects\ContactImpulse.hpp">
      <Filter>Header Files\objects</Filter>
    </ClInclude>
    <ClInclude Include="src\objects\ContactManager.hpp">
      <Filter>Header Files\objects</Filter>
    </ClInclude>
    <ClInclude Include="src\objects\ContactFilter.hpp">
      <Filter>Header Files\objects</Filter>
    </ClInclude>
  </ItemGroup>
</Project>